
Microsoft Visual Studio Solution File, Format Version 12.00
# Visual Studio Version 17
VisualStudioVersion = 17.13.35806.99 d17.13
MinimumVisualStudioVersion = 10.0.40219.1
Project("{FAE04EC0-301F-11D3-BF4B-00C04F79EFBC}") = "RodriguezJ_APIConnection", "RodriguezJ_APIConnection\RodriguezJ_APIConnection.csproj", "{EECD6B46-DE82-452B-A350-48F2A8F58250}"
EndProject
Global
	GlobalSection(SolutionConfigurationPlatforms) = preSolution
		Debug|Any CPU = Debug|Any CPU
		Release|Any CPU = Release|Any CPU
	EndGlobalSection
	GlobalSection(ProjectConfigurationPlatforms) = postSolution
		{EECD6B46-DE82-452B-A350-48F2A8F58250}.Debug|Any CPU.ActiveCfg = Debug|Any CPU
		{EECD6B46-DE82-452B-A350-48F2A8F58250}.Debug|Any CPU.Build.0 = Debug|Any CPU
		{EECD6B46-DE82-452B-A350-48F2A8F58250}.Release|Any CPU.ActiveCfg = Release|Any CPU
		{EECD6B46-DE82-452B-A350-48F2A8F58250}.Release|Any CPU.Build.0 = Release|Any CPU
	EndGlobalSection
	GlobalSection(SolutionProperties) = preSolution
		HideSolutionNode = FALSE
	EndGlobalSection
	GlobalSection(ExtensibilityGlobals) = postSolution
		SolutionGuid = {5E507160-91DE-49CE-AE36-F755BCFD06E4}
	EndGlobalSection
EndGlobal
